PODS:
  - Capacitor (8.0.0):
    - CapacitorCordova
  - CapacitorCordova (8.0.0)
  - CapacitorHealth (7.0.0):
    - Capacitor
  - CapacitorStatusBar (8.0.0):
    - Capacitor

DEPENDENCIES:
  - "Capacitor (from `../../node_modules/.pnpm/@capacitor+ios@8.0.0_@capacitor+core@8.0.0/node_modules/@capacitor/ios`)"
  - "CapacitorCordova (from `../../node_modules/.pnpm/@capacitor+ios@8.0.0_@capacitor+core@8.0.0/node_modules/@capacitor/ios`)"
  - "CapacitorHealth (from `../../node_modules/.pnpm/capacitor-health@7.0.0_@capacitor+core@8.0.0/node_modules/capacitor-health`)"
  - "CapacitorStatusBar (from `../../node_modules/.pnpm/@capacitor+status-bar@8.0.0_@capacitor+core@8.0.0/node_modules/@capacitor/status-bar`)"

EXTERNAL SOURCES:
  Capacitor:
    :path: "../../node_modules/.pnpm/@capacitor+ios@8.0.0_@capacitor+core@8.0.0/node_modules/@capacitor/ios"
  CapacitorCordova:
    :path: "../../node_modules/.pnpm/@capacitor+ios@8.0.0_@capacitor+core@8.0.0/node_modules/@capacitor/ios"
  CapacitorHealth:
    :path: "../../node_modules/.pnpm/capacitor-health@7.0.0_@capacitor+core@8.0.0/node_modules/capacitor-health"
  CapacitorStatusBar:
    :path: "../../node_modules/.pnpm/@capacitor+status-bar@8.0.0_@capacitor+core@8.0.0/node_modules/@capacitor/status-bar"

SPEC CHECKSUMS:
  Capacitor: 341ff7cf652ec695d1a8ebf604db448ac7b6d635
  CapacitorCordova: 5dc3912d25ef770a3fe0f431bb65c9fbfa2e92f9
  CapacitorHealth: b78feee69353a317312a6f87cd8945afa864c6e5
  CapacitorStatusBar: 312e2e67928dfe9514c4a8916a1fd610552f5f35

PODFILE CHECKSUM: e4f254649ce700d13d9fd029462a2af8a03a699a

COCOAPODS: 1.16.2
